{
  "object": {
    "pins": [
      {
        "package": "Cache",
        "repositoryURL": "https://github.com/BergerBytes/Cache",
        "state": {
          "branch": null,
          "revision": "cf48ec6bfaf86e52c523cd749e605fa29c4eaef5",
          "version": "6.0.1"
        }
      },
      {
        "package": "DevKit",
        "repositoryURL": "https://github.com/BergerBytes/devkit.git",
        "state": {
          "branch": null,
          "revision": "ed1c977c96cd2fc631f2aa5529ca1dd50cd552da",
          "version": "1.6.11"
        }
      },
      {
        "package": "swift-collections",
        "repositoryURL": "https://github.com/apple/swift-collections.git",
        "state": {
          "branch": null,
          "revision": "a902f1823a7ff3c9ab2fba0f992396b948eda307",
          "version": "1.0.5"
        }
      }
    ]
  },
  "version": 1
}
