{
  "object": {
    "pins": [
      {
        "package": "Cache",
        "repositoryURL": "https://github.com/BergerBytes/Cache",
        "state": {
          "branch": null,
          "revision": "cf48ec6bfaf86e52c523cd749e605fa29c4eaef5",
          "version": "6.0.1"
        }
      },
      {
        "package": "DevKit",
        "repositoryURL": "https://github.com/BergerBytes/devkit.git",
        "state": {
          "branch": null,
          "revision": "fef3bcf9e638853da7ecf73859634e3db925bf46",
          "version": "1.6.0"
        }
      }
    ]
  },
  "version": 1
}
