{
  "object": {
    "pins": [
      {
        "package": "Cache",
        "repositoryURL": "https://github.com/BergerBytes/Cache",
        "state": {
          "branch": null,
          "revision": "cf48ec6bfaf86e52c523cd749e605fa29c4eaef5",
          "version": "6.0.1"
        }
      },
      {
        "package": "Debug",
        "repositoryURL": "https://github.com/BergerBytes/swift-debug.git",
        "state": {
          "branch": null,
          "revision": "5065727272d88311c5ce3812b39a3b42fabe9966",
          "version": "1.5.4"
        }
      }
    ]
  },
  "version": 1
}
